
Microsoft Visual Studio Solution File, Format Version 12.00
# Visual Studio Version 16
VisualStudioVersion = 16.0.31005.135
MinimumVisualStudioVersion = 15.0.26124.0
Project("{2150E333-8FDC-42A3-9474-1A3956D46DE8}") = "frontEnd", "frontEnd", "{2879E00B-8590-45B7-92A1-85130CC5AF76}"
EndProject
Project("{2150E333-8FDC-42A3-9474-1A3956D46DE8}") = "apis", "apis", "{0EEBB89F-68FB-400D-9D6C-D8638A872C0D}"
EndProject
Project("{FAE04EC0-301F-11D3-BF4B-00C04F79EFBC}") = "BlazorServer", "frontEnd\BlazorServer\BlazorServer.csproj", "{CCE6CD94-E457-4A68-85C0-C4D41B9E9B98}"
EndProject
Global
	GlobalSection(SolutionConfigurationPlatforms) = preSolution
		Debug|Any CPU = Debug|Any CPU
		Debug|x64 = Debug|x64
		Debug|x86 = Debug|x86
		Release|Any CPU = Release|Any CPU
		Release|x64 = Release|x64
		Release|x86 = Release|x86
	EndGlobalSection
	GlobalSection(ProjectConfigurationPlatforms) = postSolution
		{CCE6CD94-E457-4A68-85C0-C4D41B9E9B98}.Debug|Any CPU.ActiveCfg = Debug|Any CPU
		{CCE6CD94-E457-4A68-85C0-C4D41B9E9B98}.Debug|Any CPU.Build.0 = Debug|Any CPU
		{CCE6CD94-E457-4A68-85C0-C4D41B9E9B98}.Debug|x64.ActiveCfg = Debug|Any CPU
		{CCE6CD94-E457-4A68-85C0-C4D41B9E9B98}.Debug|x64.Build.0 = Debug|Any CPU
		{CCE6CD94-E457-4A68-85C0-C4D41B9E9B98}.Debug|x86.ActiveCfg = Debug|Any CPU
		{CCE6CD94-E457-4A68-85C0-C4D41B9E9B98}.Debug|x86.Build.0 = Debug|Any CPU
		{CCE6CD94-E457-4A68-85C0-C4D41B9E9B98}.Release|Any CPU.ActiveCfg = Release|Any CPU
		{CCE6CD94-E457-4A68-85C0-C4D41B9E9B98}.Release|Any CPU.Build.0 = Release|Any CPU
		{CCE6CD94-E457-4A68-85C0-C4D41B9E9B98}.Release|x64.ActiveCfg = Release|Any CPU
		{CCE6CD94-E457-4A68-85C0-C4D41B9E9B98}.Release|x64.Build.0 = Release|Any CPU
		{CCE6CD94-E457-4A68-85C0-C4D41B9E9B98}.Release|x86.ActiveCfg = Release|Any CPU
		{CCE6CD94-E457-4A68-85C0-C4D41B9E9B98}.Release|x86.Build.0 = Release|Any CPU
	EndGlobalSection
	GlobalSection(SolutionProperties) = preSolution
		HideSolutionNode = FALSE
	EndGlobalSection
	GlobalSection(NestedProjects) = preSolution
		{CCE6CD94-E457-4A68-85C0-C4D41B9E9B98} = {2879E00B-8590-45B7-92A1-85130CC5AF76}
	EndGlobalSection
	GlobalSection(ExtensibilityGlobals) = postSolution
		SolutionGuid = {5D120D40-5388-4705-B8D7-72C05FED152D}
	EndGlobalSection
EndGlobal
